Microsoft Visual Studio Solution File, Format Version 7.00
Project("{8BC9CEB8-8B4A-11D0-8D11-00A0C91BC942}") = "prog06-1", "prog06-1.vcproj", "{33DB6659-F753-4F63-8512-4F667B461A8F}"
EndProject
Global
	GlobalSection(SolutionConfiguration) = preSolution
		ConfigName.0 = Debug
		ConfigName.1 = Release
	EndGlobalSection
	GlobalSection(ProjectDependencies) = postSolution
	EndGlobalSection
	GlobalSection(ProjectConfiguration) = postSolution
		{33DB6659-F753-4F63-8512-4F667B461A8F}.Debug.ActiveCfg = Debug|Win32
		{33DB6659-F753-4F63-8512-4F667B461A8F}.Debug.Build.0 = Debug|Win32
		{33DB6659-F753-4F63-8512-4F667B461A8F}.Release.ActiveCfg = Release|Win32
		{33DB6659-F753-4F63-8512-4F667B461A8F}.Release.Build.0 = Release|Win32
	EndGlobalSection
	GlobalSection(ExtensibilityGlobals) = postSolution
	EndGlobalSection
	GlobalSection(ExtensibilityAddIns) = postSolution
	EndGlobalSection
EndGlobal
