Microsoft Visual Studio Solution File, Format Version 7.00
Project("{8BC9CEB8-8B4A-11D0-8D11-00A0C91BC942}") = "prog03-7", "prog03-7.vcproj", "{9EEC7996-2CE1-45BE-8619-C40232D45F22}"
EndProject
Global
	GlobalSection(SolutionConfiguration) = preSolution
		ConfigName.0 = Debug
		ConfigName.1 = Release
	EndGlobalSection
	GlobalSection(ProjectDependencies) = postSolution
	EndGlobalSection
	GlobalSection(ProjectConfiguration) = postSolution
		{9EEC7996-2CE1-45BE-8619-C40232D45F22}.Debug.ActiveCfg = Debug|Win32
		{9EEC7996-2CE1-45BE-8619-C40232D45F22}.Debug.Build.0 = Debug|Win32
		{9EEC7996-2CE1-45BE-8619-C40232D45F22}.Release.ActiveCfg = Release|Win32
		{9EEC7996-2CE1-45BE-8619-C40232D45F22}.Release.Build.0 = Release|Win32
	EndGlobalSection
	GlobalSection(ExtensibilityGlobals) = postSolution
	EndGlobalSection
	GlobalSection(ExtensibilityAddIns) = postSolution
	EndGlobalSection
EndGlobal
