Microsoft Visual Studio Solution File, Format Version 7.00
Project("{8BC9CEB8-8B4A-11D0-8D11-00A0C91BC942}") = "prog04-1", "prog04-1.vcproj", "{449B6541-C766-4DC8-995C-E8CA7A9C08BB}"
EndProject
Global
	GlobalSection(SolutionConfiguration) = preSolution
		ConfigName.0 = Debug
		ConfigName.1 = Release
	EndGlobalSection
	GlobalSection(ProjectDependencies) = postSolution
	EndGlobalSection
	GlobalSection(ProjectConfiguration) = postSolution
		{449B6541-C766-4DC8-995C-E8CA7A9C08BB}.Debug.ActiveCfg = Debug|Win32
		{449B6541-C766-4DC8-995C-E8CA7A9C08BB}.Debug.Build.0 = Debug|Win32
		{449B6541-C766-4DC8-995C-E8CA7A9C08BB}.Release.ActiveCfg = Release|Win32
		{449B6541-C766-4DC8-995C-E8CA7A9C08BB}.Release.Build.0 = Release|Win32
	EndGlobalSection
	GlobalSection(ExtensibilityGlobals) = postSolution
	EndGlobalSection
	GlobalSection(ExtensibilityAddIns) = postSolution
	EndGlobalSection
EndGlobal
