Microsoft Visual Studio Solution File, Format Version 7.00
Project("{8BC9CEB8-8B4A-11D0-8D11-00A0C91BC942}") = "prog03-6", "prog03-6.vcproj", "{22C86EED-4461-4A82-8444-03B98403B647}"
EndProject
Global
	GlobalSection(SolutionConfiguration) = preSolution
		ConfigName.0 = Debug
		ConfigName.1 = Release
	EndGlobalSection
	GlobalSection(ProjectDependencies) = postSolution
	EndGlobalSection
	GlobalSection(ProjectConfiguration) = postSolution
		{22C86EED-4461-4A82-8444-03B98403B647}.Debug.ActiveCfg = Debug|Win32
		{22C86EED-4461-4A82-8444-03B98403B647}.Debug.Build.0 = Debug|Win32
		{22C86EED-4461-4A82-8444-03B98403B647}.Release.ActiveCfg = Release|Win32
		{22C86EED-4461-4A82-8444-03B98403B647}.Release.Build.0 = Release|Win32
	EndGlobalSection
	GlobalSection(ExtensibilityGlobals) = postSolution
	EndGlobalSection
	GlobalSection(ExtensibilityAddIns) = postSolution
	EndGlobalSection
EndGlobal
