Microsoft Visual Studio Solution File, Format Version 7.00
Project("{8BC9CEB8-8B4A-11D0-8D11-00A0C91BC942}") = "prog05-3", "prog05-3.vcproj", "{59A4BE9C-05C0-4205-9097-E701C8539158}"
EndProject
Global
	GlobalSection(SolutionConfiguration) = preSolution
		ConfigName.0 = Debug
		ConfigName.1 = Release
	EndGlobalSection
	GlobalSection(ProjectDependencies) = postSolution
	EndGlobalSection
	GlobalSection(ProjectConfiguration) = postSolution
		{59A4BE9C-05C0-4205-9097-E701C8539158}.Debug.ActiveCfg = Debug|Win32
		{59A4BE9C-05C0-4205-9097-E701C8539158}.Debug.Build.0 = Debug|Win32
		{59A4BE9C-05C0-4205-9097-E701C8539158}.Release.ActiveCfg = Release|Win32
		{59A4BE9C-05C0-4205-9097-E701C8539158}.Release.Build.0 = Release|Win32
	EndGlobalSection
	GlobalSection(ExtensibilityGlobals) = postSolution
	EndGlobalSection
	GlobalSection(ExtensibilityAddIns) = postSolution
	EndGlobalSection
EndGlobal
