Microsoft Visual Studio Solution File, Format Version 7.00
Project("{8BC9CEB8-8B4A-11D0-8D11-00A0C91BC942}") = "prog03-1", "prog03-1.vcproj", "{63A0CCC0-8EA4-4182-A42D-4E52471F99F7}"
EndProject
Global
	GlobalSection(SolutionConfiguration) = preSolution
		ConfigName.0 = Debug
		ConfigName.1 = Release
	EndGlobalSection
	GlobalSection(ProjectDependencies) = postSolution
	EndGlobalSection
	GlobalSection(ProjectConfiguration) = postSolution
		{63A0CCC0-8EA4-4182-A42D-4E52471F99F7}.Debug.ActiveCfg = Debug|Win32
		{63A0CCC0-8EA4-4182-A42D-4E52471F99F7}.Debug.Build.0 = Debug|Win32
		{63A0CCC0-8EA4-4182-A42D-4E52471F99F7}.Release.ActiveCfg = Release|Win32
		{63A0CCC0-8EA4-4182-A42D-4E52471F99F7}.Release.Build.0 = Release|Win32
	EndGlobalSection
	GlobalSection(ExtensibilityGlobals) = postSolution
	EndGlobalSection
	GlobalSection(ExtensibilityAddIns) = postSolution
	EndGlobalSection
EndGlobal
