Microsoft Visual Studio Solution File, Format Version 7.00
Project("{8BC9CEB8-8B4A-11D0-8D11-00A0C91BC942}") = "prog03-4", "prog03-4.vcproj", "{CD394C86-4609-49D2-9BD5-F65C0C7A4771}"
EndProject
Global
	GlobalSection(SolutionConfiguration) = preSolution
		ConfigName.0 = Debug
		ConfigName.1 = Release
	EndGlobalSection
	GlobalSection(ProjectDependencies) = postSolution
	EndGlobalSection
	GlobalSection(ProjectConfiguration) = postSolution
		{CD394C86-4609-49D2-9BD5-F65C0C7A4771}.Debug.ActiveCfg = Debug|Win32
		{CD394C86-4609-49D2-9BD5-F65C0C7A4771}.Debug.Build.0 = Debug|Win32
		{CD394C86-4609-49D2-9BD5-F65C0C7A4771}.Release.ActiveCfg = Release|Win32
		{CD394C86-4609-49D2-9BD5-F65C0C7A4771}.Release.Build.0 = Release|Win32
	EndGlobalSection
	GlobalSection(ExtensibilityGlobals) = postSolution
	EndGlobalSection
	GlobalSection(ExtensibilityAddIns) = postSolution
	EndGlobalSection
EndGlobal
